
Microsoft Visual Studio Solution File, Format Version 9.00
# Visual Studio 2005
Project("{FAE04EC0-301F-11D3-BF4B-00C04F79EFBC}") = "stickesSpace_1", "stickesSpace_1\stickesSpace.csproj", "{8CD32950-0C87-4CE3-B0EE-E7DC79560D3D}"
EndProject
Global
	GlobalSection(SolutionConfigurationPlatforms) = preSolution
		Debug|Any CPU = Debug|Any CPU
		Release|Any CPU = Release|Any CPU
	EndGlobalSection
	GlobalSection(ProjectConfigurationPlatforms) = postSolution
		{8CD32950-0C87-4CE3-B0EE-E7DC79560D3D}.Debug|Any CPU.ActiveCfg = Debug|Any CPU
		{8CD32950-0C87-4CE3-B0EE-E7DC79560D3D}.Debug|Any CPU.Build.0 = Debug|Any CPU
		{8CD32950-0C87-4CE3-B0EE-E7DC79560D3D}.Release|Any CPU.ActiveCfg = Release|Any CPU
		{8CD32950-0C87-4CE3-B0EE-E7DC79560D3D}.Release|Any CPU.Build.0 = Release|Any CPU
	EndGlobalSection
	GlobalSection(SolutionProperties) = preSolution
		HideSolutionNode = FALSE
	EndGlobalSection
EndGlobal
