
Microsoft Visual Studio Solution File, Format Version 9.00
# Visual Studio 2005
Project("{FAE04EC0-301F-11D3-BF4B-00C04F79EFBC}") = "StickyWindow", "StickyWindow\StickyWindow.csproj", "{3DE09D36-2AD9-4519-85B0-8D7E536D2F40}"
EndProject
Project("{FAE04EC0-301F-11D3-BF4B-00C04F79EFBC}") = "StickySpaces", "stickiesSpace\StickySpaces.csproj", "{37FFF18E-3C86-4123-97EF-B6CF51FA0DD9}"
EndProject
Project("{54435603-DBB4-11D2-8724-00A0C9A8B90C}") = "StickySpacesInstaller", "StickySpacesInstaller\StickySpacesInstaller.vdproj", "{ABB1FB1D-02DF-4E63-96FB-91E3C467E87C}"
EndProject
Global
	GlobalSection(SolutionConfigurationPlatforms) = preSolution
		Debug|Any CPU = Debug|Any CPU
		Release|Any CPU = Release|Any CPU
	EndGlobalSection
	GlobalSection(ProjectConfigurationPlatforms) = postSolution
		{3DE09D36-2AD9-4519-85B0-8D7E536D2F40}.Debug|Any CPU.ActiveCfg = Debug|Any CPU
		{3DE09D36-2AD9-4519-85B0-8D7E536D2F40}.Debug|Any CPU.Build.0 = Debug|Any CPU
		{3DE09D36-2AD9-4519-85B0-8D7E536D2F40}.Release|Any CPU.ActiveCfg = Release|Any CPU
		{3DE09D36-2AD9-4519-85B0-8D7E536D2F40}.Release|Any CPU.Build.0 = Release|Any CPU
		{37FFF18E-3C86-4123-97EF-B6CF51FA0DD9}.Debug|Any CPU.ActiveCfg = Debug|Any CPU
		{37FFF18E-3C86-4123-97EF-B6CF51FA0DD9}.Debug|Any CPU.Build.0 = Debug|Any CPU
		{37FFF18E-3C86-4123-97EF-B6CF51FA0DD9}.Release|Any CPU.ActiveCfg = Release|Any CPU
		{37FFF18E-3C86-4123-97EF-B6CF51FA0DD9}.Release|Any CPU.Build.0 = Release|Any CPU
		{ABB1FB1D-02DF-4E63-96FB-91E3C467E87C}.Debug|Any CPU.ActiveCfg = Debug
		{ABB1FB1D-02DF-4E63-96FB-91E3C467E87C}.Release|Any CPU.ActiveCfg = Release
		{ABB1FB1D-02DF-4E63-96FB-91E3C467E87C}.Release|Any CPU.Build.0 = Release
	EndGlobalSection
	GlobalSection(SolutionProperties) = preSolution
		HideSolutionNode = FALSE
	EndGlobalSection
EndGlobal
